// !$*UTF8*$!
{
	archiveVersion = 1;
	classes = {
	};
	objectVersion = 56;
	objects = {

/* Begin PBXBuildFile section */
		C227631D2C762EB40046A1A1 /* MyEventReceiver.cpp in Sources */ = {isa = PBXBuildFile; fileRef = C227631B2C762EB40046A1A1 /* MyEventReceiver.cpp */; };
		C25DD3132C74ED47009E697C /* Cocoa.framework in Frameworks */ = {isa = PBXBuildFile; fileRef = C25DD3122C74ED47009E697C /* Cocoa.framework */; platformFilters = (macos, ); };
		C29446A82C78C2D9006B060C /* Player.cpp in Sources */ = {isa = PBXBuildFile; fileRef = C29446A62C78C2D9006B060C /* Player.cpp */; };
		C29446AB2C78C30D006B060C /* Camera.cpp in Sources */ = {isa = PBXBuildFile; fileRef = C29446A92C78C30D006B060C /* Camera.cpp */; };
		C29B4A972C74F38C006167FF /* libIrrlicht.a in Frameworks */ = {isa = PBXBuildFile; fileRef = C29B4A962C74F38C006167FF /* libIrrlicht.a */; };
		C29B4B5A2C75015B006167FF /* main.cpp in Sources */ = {isa = PBXBuildFile; fileRef = C29B4B592C75015B006167FF /* main.cpp */; };
		C2A3655F2C7D45E3009BE85C /* IOKit.framework in Frameworks */ = {isa = PBXBuildFile; fileRef = C25DD3182C74ED61009E697C /* IOKit.framework */; };
		C2A365602C7D462A009BE85C /* OpenGL.framework in Frameworks */ = {isa = PBXBuildFile; fileRef = C25DD3162C74ED53009E697C /* OpenGL.framework */; platformFilters = (macos, ); };
		C2A365632C7D46AE009BE85C /* Application.cpp in Sources */ = {isa = PBXBuildFile; fileRef = C2A365612C7D46AE009BE85C /* Application.cpp */; };
/* End PBXBuildFile section */

/* Begin PBXFileReference section */
		C227631B2C762EB40046A1A1 /* MyEventReceiver.cpp */ = {isa = PBXFileReference; lastKnownFileType = sourcecode.cpp.cpp; path = MyEventReceiver.cpp; sourceTree = "<group>"; };
		C227631C2C762EB40046A1A1 /* MyEventReceiver.hpp */ = {isa = PBXFileReference; lastKnownFileType = sourcecode.cpp.h; path = MyEventReceiver.hpp; sourceTree = "<group>"; };
		C25DD3002C74ED24009E697C /* prototype-doom.app */ = {isa = PBXFileReference; explicitFileType = wrapper.application; includeInIndex = 0; path = "prototype-doom.app"; sourceTree = BUILT_PRODUCTS_DIR; };
		C25DD3122C74ED47009E697C /* Cocoa.framework */ = {isa = PBXFileReference; lastKnownFileType = wrapper.framework; name = Cocoa.framework; path = System/Library/Frameworks/Cocoa.framework; sourceTree = SDKROOT; };
		C25DD3142C74ED4D009E697C /* Carbon.framework */ = {isa = PBXFileReference; lastKnownFileType = wrapper.framework; name = Carbon.framework; path = System/Library/Frameworks/Carbon.framework; sourceTree = SDKROOT; };
		C25DD3162C74ED53009E697C /* OpenGL.framework */ = {isa = PBXFileReference; lastKnownFileType = wrapper.framework; name = OpenGL.framework; path = System/Library/Frameworks/OpenGL.framework; sourceTree = SDKROOT; };
		C25DD3182C74ED61009E697C /* IOKit.framework */ = {isa = PBXFileReference; lastKnownFileType = wrapper.framework; name = IOKit.framework; path = Platforms/iPhoneOS.platform/Developer/SDKs/iPhoneOS16.2.sdk/System/Library/Frameworks/IOKit.framework; sourceTree = DEVELOPER_DIR; };
		C29446A62C78C2D9006B060C /* Player.cpp */ = {isa = PBXFileReference; lastKnownFileType = sourcecode.cpp.cpp; path = Player.cpp; sourceTree = "<group>"; };
		C29446A72C78C2D9006B060C /* Player.hpp */ = {isa = PBXFileReference; lastKnownFileType = sourcecode.cpp.h; path = Player.hpp; sourceTree = "<group>"; };
		C29446A92C78C30D006B060C /* Camera.cpp */ = {isa = PBXFileReference; lastKnownFileType = sourcecode.cpp.cpp; path = Camera.cpp; sourceTree = "<group>"; };
		C29446AA2C78C30D006B060C /* Camera.hpp */ = {isa = PBXFileReference; lastKnownFileType = sourcecode.cpp.h; path = Camera.hpp; sourceTree = "<group>"; };
		C29B4A962C74F38C006167FF /* libIrrlicht.a */ = {isa = PBXFileReference; lastKnownFileType = archive.ar; name = libIrrlicht.a; path = "prototype-doom/irrlicht-1.8.5/lib/MacOSX/libIrrlicht.a"; sourceTree = "<group>"; };
		C29B4B552C74FB6E006167FF /* prototype-doomDebug.entitlements */ = {isa = PBXFileReference; lastKnownFileType = text.plist.entitlements; path = "prototype-doomDebug.entitlements"; sourceTree = "<group>"; };
		C29B4B592C75015B006167FF /* main.cpp */ = {isa = PBXFileReference; fileEncoding = 4; lastKnownFileType = sourcecode.cpp.cpp; path = main.cpp; sourceTree = "<group>"; };
		C2A365612C7D46AE009BE85C /* Application.cpp */ = {isa = PBXFileReference; lastKnownFileType = sourcecode.cpp.cpp; path = Application.cpp; sourceTree = "<group>"; };
		C2A365622C7D46AE009BE85C /* Application.hpp */ = {isa = PBXFileReference; lastKnownFileType = sourcecode.cpp.h; path = Application.hpp; sourceTree = "<group>"; };
/* End PBXFileReference section */

/* Begin PBXFrameworksBuildPhase section */
		C25DD2FD2C74ED24009E697C /* Frameworks */ = {
			isa = PBXFrameworksBuildPhase;
			buildActionMask = 2147483647;
			files = (
				C29B4A972C74F38C006167FF /* libIrrlicht.a in Frameworks */,
				C25DD3132C74ED47009E697C /* Cocoa.framework in Frameworks */,
				C2A365602C7D462A009BE85C /* OpenGL.framework in Frameworks */,
				C2A3655F2C7D45E3009BE85C /* IOKit.framework in Frameworks */,
			);
			runOnlyForDeploymentPostprocessing = 0;
		};
/* End PBXFrameworksBuildPhase section */

/* Begin PBXGroup section */
		C25DD2F32C74EC9E009E697C = {
			isa = PBXGroup;
			children = (
				C29B4B582C75015B006167FF /* src */,
				C29B4B552C74FB6E006167FF /* prototype-doomDebug.entitlements */,
				C25DD3012C74ED24009E697C /* Products */,
				C25DD3112C74ED47009E697C /* Frameworks */,
			);
			sourceTree = "<group>";
		};
		C25DD3012C74ED24009E697C /* Products */ = {
			isa = PBXGroup;
			children = (
				C25DD3002C74ED24009E697C /* prototype-doom.app */,
			);
			name = Products;
			sourceTree = "<group>";
		};
		C25DD3112C74ED47009E697C /* Frameworks */ = {
			isa = PBXGroup;
			children = (
				C29B4A962C74F38C006167FF /* libIrrlicht.a */,
				C25DD3182C74ED61009E697C /* IOKit.framework */,
				C25DD3162C74ED53009E697C /* OpenGL.framework */,
				C25DD3142C74ED4D009E697C /* Carbon.framework */,
				C25DD3122C74ED47009E697C /* Cocoa.framework */,
			);
			name = Frameworks;
			sourceTree = "<group>";
		};
		C29B4B582C75015B006167FF /* src */ = {
			isa = PBXGroup;
			children = (
				C29B4B592C75015B006167FF /* main.cpp */,
				C227631B2C762EB40046A1A1 /* MyEventReceiver.cpp */,
				C227631C2C762EB40046A1A1 /* MyEventReceiver.hpp */,
				C29446A62C78C2D9006B060C /* Player.cpp */,
				C29446A72C78C2D9006B060C /* Player.hpp */,
				C29446A92C78C30D006B060C /* Camera.cpp */,
				C29446AA2C78C30D006B060C /* Camera.hpp */,
				C2A365612C7D46AE009BE85C /* Application.cpp */,
				C2A365622C7D46AE009BE85C /* Application.hpp */,
			);
			path = src;
			sourceTree = "<group>";
		};
/* End PBXGroup section */

/* Begin PBXNativeTarget section */
		C25DD2FF2C74ED24009E697C /* prototype-doom */ = {
			isa = PBXNativeTarget;
			buildConfigurationList = C25DD30D2C74ED25009E697C /* Build configuration list for PBXNativeTarget "prototype-doom" */;
			buildPhases = (
				C25DD2FC2C74ED24009E697C /* Sources */,
				C25DD2FD2C74ED24009E697C /* Frameworks */,
				C25DD2FE2C74ED24009E697C /* Resources */,
			);
			buildRules = (
			);
			dependencies = (
			);
			name = "prototype-doom";
			productName = "prototype-doom";
			productReference = C25DD3002C74ED24009E697C /* prototype-doom.app */;
			productType = "com.apple.product-type.application";
		};
/* End PBXNativeTarget section */

/* Begin PBXProject section */
		C25DD2F42C74EC9E009E697C /* Project object */ = {
			isa = PBXProject;
			attributes = {
				BuildIndependentTargetsInParallel = 1;
				LastSwiftUpdateCheck = 1420;
				LastUpgradeCheck = 1420;
				TargetAttributes = {
					C25DD2FF2C74ED24009E697C = {
						CreatedOnToolsVersion = 14.2;
					};
				};
			};
			buildConfigurationList = C25DD2F72C74EC9E009E697C /* Build configuration list for PBXProject "prototype-doom" */;
			compatibilityVersion = "Xcode 14.0";
			developmentRegion = en;
			hasScannedForEncodings = 0;
			knownRegions = (
				en,
				Base,
			);
			mainGroup = C25DD2F32C74EC9E009E697C;
			productRefGroup = C25DD3012C74ED24009E697C /* Products */;
			projectDirPath = "";
			projectRoot = "";
			targets = (
				C25DD2FF2C74ED24009E697C /* prototype-doom */,
			);
		};
/* End PBXProject section */

/* Begin PBXResourcesBuildPhase section */
		C25DD2FE2C74ED24009E697C /* Resources */ = {
			isa = PBXResourcesBuildPhase;
			buildActionMask = 2147483647;
			files = (
			);
			runOnlyForDeploymentPostprocessing = 0;
		};
/* End PBXResourcesBuildPhase section */

/* Begin PBXSourcesBuildPhase section */
		C25DD2FC2C74ED24009E697C /* Sources */ = {
			isa = PBXSourcesBuildPhase;
			buildActionMask = 2147483647;
			files = (
				C29446AB2C78C30D006B060C /* Camera.cpp in Sources */,
				C29446A82C78C2D9006B060C /* Player.cpp in Sources */,
				C2A365632C7D46AE009BE85C /* Application.cpp in Sources */,
				C29B4B5A2C75015B006167FF /* main.cpp in Sources */,
				C227631D2C762EB40046A1A1 /* MyEventReceiver.cpp in Sources */,
			);
			runOnlyForDeploymentPostprocessing = 0;
		};
/* End PBXSourcesBuildPhase section */

/* Begin XCBuildConfiguration section */
		C25DD2F82C74EC9E009E697C /* Debug */ = {
			isa = XCBuildConfiguration;
			buildSettings = {
			};
			name = Debug;
		};
		C25DD2F92C74EC9E009E697C /* Release */ = {
			isa = XCBuildConfiguration;
			buildSettings = {
			};
			name = Release;
		};
		C25DD30E2C74ED25009E697C /* Debug */ = {
			isa = XCBuildConfiguration;
			buildSettings = {
				ALWAYS_SEARCH_USER_PATHS = NO;
				ASSETCATALOG_COMPILER_APPICON_NAME = AppIcon;
				ASSETCATALOG_COMPILER_GLOBAL_ACCENT_COLOR_NAME = AccentColor;
				CLANG_ANALYZER_NONNULL = YES;
				CLANG_ANALYZER_NUMBER_OBJECT_CONVERSION = YES_AGGRESSIVE;
				CLANG_CXX_LANGUAGE_STANDARD = "gnu++20";
				CLANG_ENABLE_MODULES = YES;
				CLANG_ENABLE_OBJC_ARC = YES;
				CLANG_ENABLE_OBJC_WEAK = YES;
				CLANG_WARN_BLOCK_CAPTURE_AUTORELEASING = YES;
				CLANG_WARN_BOOL_CONVERSION = YES;
				CLANG_WARN_COMMA = YES;
				CLANG_WARN_CONSTANT_CONVERSION = YES;
				CLANG_WARN_DEPRECATED_OBJC_IMPLEMENTATIONS = YES;
				CLANG_WARN_DIRECT_OBJC_ISA_USAGE = YES_ERROR;
				CLANG_WARN_DOCUMENTATION_COMMENTS = YES;
				CLANG_WARN_EMPTY_BODY = YES;
				CLANG_WARN_ENUM_CONVERSION = YES;
				CLANG_WARN_INFINITE_RECURSION = YES;
				CLANG_WARN_INT_CONVERSION = YES;
				CLANG_WARN_NON_LITERAL_NULL_CONVERSION = YES;
				CLANG_WARN_OBJC_IMPLICIT_RETAIN_SELF = YES;
				CLANG_WARN_OBJC_LITERAL_CONVERSION = YES;
				CLANG_WARN_OBJC_ROOT_CLASS = YES_ERROR;
				CLANG_WARN_QUOTED_INCLUDE_IN_FRAMEWORK_HEADER = YES;
				CLANG_WARN_RANGE_LOOP_ANALYSIS = YES;
				CLANG_WARN_STRICT_PROTOTYPES = YES;
				CLANG_WARN_SUSPICIOUS_MOVE = YES;
				CLANG_WARN_UNGUARDED_AVAILABILITY = YES_AGGRESSIVE;
				CLANG_WARN_UNREACHABLE_CODE = YES;
				CLANG_WARN__DUPLICATE_METHOD_MATCH = YES;
				CODE_SIGN_ENTITLEMENTS = "prototype-doomDebug.entitlements";
				CODE_SIGN_IDENTITY = "Apple Development";
				"CODE_SIGN_IDENTITY[sdk=macosx*]" = "-";
				CODE_SIGN_STYLE = Manual;
				COPY_PHASE_STRIP = NO;
				CURRENT_PROJECT_VERSION = 1;
				DEBUG_INFORMATION_FORMAT = dwarf;
				DEVELOPMENT_ASSET_PATHS = "";
				DEVELOPMENT_TEAM = "";
				"DEVELOPMENT_TEAM[sdk=macosx*]" = "";
				DSTROOT = "$(PROJECT_DIR)/bin";
				ENABLE_HARDENED_RUNTIME = NO;
				ENABLE_PREVIEWS = YES;
				ENABLE_STRICT_OBJC_MSGSEND = YES;
				ENABLE_TESTABILITY = YES;
				GCC_C_LANGUAGE_STANDARD = gnu11;
				GCC_DYNAMIC_NO_PIC = NO;
				GCC_NO_COMMON_BLOCKS = YES;
				GCC_OPTIMIZATION_LEVEL = 0;
				GCC_PREPROCESSOR_DEFINITIONS = (
					"DEBUG=1",
					"$(inherited)",
				);
				GCC_WARN_64_TO_32_BIT_CONVERSION = YES;
				GCC_WARN_ABOUT_RETURN_TYPE = YES_ERROR;
				GCC_WARN_UNDECLARED_SELECTOR = YES;
				GCC_WARN_UNINITIALIZED_AUTOS = YES_AGGRESSIVE;
				GCC_WARN_UNUSED_FUNCTION = YES;
				GCC_WARN_UNUSED_VARIABLE = YES;
				GENERATE_INFOPLIST_FILE = YES;
				HEADER_SEARCH_PATHS = "$(PROJECT_DIR)/irrlicht-1.8.5/include";
				"INFOPLIST_KEY_UIApplicationSceneManifest_Generation[sdk=iphoneos*]" = YES;
				"INFOPLIST_KEY_UIApplicationSceneManifest_Generation[sdk=iphonesimulator*]" = YES;
				"INFOPLIST_KEY_UIApplicationSupportsIndirectInputEvents[sdk=iphoneos*]" = YES;
				"INFOPLIST_KEY_UIApplicationSupportsIndirectInputEvents[sdk=iphonesimulator*]" = YES;
				"INFOPLIST_KEY_UILaunchScreen_Generation[sdk=iphoneos*]" = YES;
				"INFOPLIST_KEY_UILaunchScreen_Generation[sdk=iphonesimulator*]" = YES;
				"INFOPLIST_KEY_UIStatusBarStyle[sdk=iphoneos*]" = UIStatusBarStyleDefault;
				"INFOPLIST_KEY_UIStatusBarStyle[sdk=iphonesimulator*]" = UIStatusBarStyleDefault;
				INFOPLIST_KEY_UISupportedInterfaceOrientations_iPad = "UIInterfaceOrientationPortrait UIInterfaceOrientationPortraitUpsideDown UIInterfaceOrientationLandscapeLeft UIInterfaceOrientationLandscapeRight";
				INFOPLIST_KEY_UISupportedInterfaceOrientations_iPhone = "UIInterfaceOrientationPortrait UIInterfaceOrientationLandscapeLeft UIInterfaceOrientationLandscapeRight";
				INSTALL_PATH = /;
				IPHONEOS_DEPLOYMENT_TARGET = 16.2;
				LD_RUNPATH_SEARCH_PATHS = "@executable_path/Frameworks";
				"LD_RUNPATH_SEARCH_PATHS[sdk=macosx*]" = "@executable_path/../Frameworks";
				LIBRARY_SEARCH_PATHS = (
					"$(inherited)",
					"$(PROJECT_DIR)/irrlicht-1.8.5/lib/MacOSX",
					"$(PROJECT_DIR)/prototype-doom/irrlicht-1.8.5/lib/MacOSX",
				);
				MACOSX_DEPLOYMENT_TARGET = 12.7;
				MARKETING_VERSION = 1.0;
				MTL_ENABLE_DEBUG_INFO = INCLUDE_SOURCE;
				MTL_FAST_MATH = YES;
				ONLY_ACTIVE_ARCH = YES;
				OTHER_CFLAGS = "-w";
				PRODUCT_BUNDLE_IDENTIFIER = "com.alex.prototype-doom";
				PRODUCT_NAME = "$(TARGET_NAME)";
				PROVISIONING_PROFILE_SPECIFIER = "";
				SDKROOT = auto;
				SUPPORTED_PLATFORMS = "iphoneos iphonesimulator macosx";
				SWIFT_ACTIVE_COMPILATION_CONDITIONS = DEBUG;
				SWIFT_EMIT_LOC_STRINGS = YES;
				SWIFT_OPTIMIZATION_LEVEL = "-Onone";
				SWIFT_VERSION = 5.0;
				SYMROOT = "$(PROJECT_DIR)/bin";
				TARGETED_DEVICE_FAMILY = "1,2";
			};
			name = Debug;
		};
		C25DD30F2C74ED25009E697C /* Release */ = {
			isa = XCBuildConfiguration;
			buildSettings = {
				ALWAYS_SEARCH_USER_PATHS = NO;
				ASSETCATALOG_COMPILER_APPICON_NAME = AppIcon;
				ASSETCATALOG_COMPILER_GLOBAL_ACCENT_COLOR_NAME = AccentColor;
				CLANG_ANALYZER_NONNULL = YES;
				CLANG_ANALYZER_NUMBER_OBJECT_CONVERSION = YES_AGGRESSIVE;
				CLANG_CXX_LANGUAGE_STANDARD = "gnu++20";
				CLANG_ENABLE_MODULES = YES;
				CLANG_ENABLE_OBJC_ARC = YES;
				CLANG_ENABLE_OBJC_WEAK = YES;
				CLANG_WARN_BLOCK_CAPTURE_AUTORELEASING = YES;
				CLANG_WARN_BOOL_CONVERSION = YES;
				CLANG_WARN_COMMA = YES;
				CLANG_WARN_CONSTANT_CONVERSION = YES;
				CLANG_WARN_DEPRECATED_OBJC_IMPLEMENTATIONS = YES;
				CLANG_WARN_DIRECT_OBJC_ISA_USAGE = YES_ERROR;
				CLANG_WARN_DOCUMENTATION_COMMENTS = YES;
				CLANG_WARN_EMPTY_BODY = YES;
				CLANG_WARN_ENUM_CONVERSION = YES;
				CLANG_WARN_INFINITE_RECURSION = YES;
				CLANG_WARN_INT_CONVERSION = YES;
				CLANG_WARN_NON_LITERAL_NULL_CONVERSION = YES;
				CLANG_WARN_OBJC_IMPLICIT_RETAIN_SELF = YES;
				CLANG_WARN_OBJC_LITERAL_CONVERSION = YES;
				CLANG_WARN_OBJC_ROOT_CLASS = YES_ERROR;
				CLANG_WARN_QUOTED_INCLUDE_IN_FRAMEWORK_HEADER = YES;
				CLANG_WARN_RANGE_LOOP_ANALYSIS = YES;
				CLANG_WARN_STRICT_PROTOTYPES = YES;
				CLANG_WARN_SUSPICIOUS_MOVE = YES;
				CLANG_WARN_UNGUARDED_AVAILABILITY = YES_AGGRESSIVE;
				CLANG_WARN_UNREACHABLE_CODE = YES;
				CLANG_WARN__DUPLICATE_METHOD_MATCH = YES;
				CODE_SIGN_ENTITLEMENTS = "prototype-doom/prototype_doom.entitlements";
				CODE_SIGN_IDENTITY = "Apple Development";
				"CODE_SIGN_IDENTITY[sdk=macosx*]" = "Apple Development";
				CODE_SIGN_STYLE = Automatic;
				COPY_PHASE_STRIP = NO;
				CURRENT_PROJECT_VERSION = 1;
				DEBUG_INFORMATION_FORMAT = "dwarf-with-dsym";
				DEVELOPMENT_ASSET_PATHS = "";
				DEVELOPMENT_TEAM = "";
				DSTROOT = "$(PROJECT_DIR)/bin";
				ENABLE_HARDENED_RUNTIME = NO;
				ENABLE_NS_ASSERTIONS = NO;
				ENABLE_PREVIEWS = YES;
				ENABLE_STRICT_OBJC_MSGSEND = YES;
				GCC_C_LANGUAGE_STANDARD = gnu11;
				GCC_NO_COMMON_BLOCKS = YES;
				GCC_WARN_64_TO_32_BIT_CONVERSION = YES;
				GCC_WARN_ABOUT_RETURN_TYPE = YES_ERROR;
				GCC_WARN_UNDECLARED_SELECTOR = YES;
				GCC_WARN_UNINITIALIZED_AUTOS = YES_AGGRESSIVE;
				GCC_WARN_UNUSED_FUNCTION = YES;
				GCC_WARN_UNUSED_VARIABLE = YES;
				GENERATE_INFOPLIST_FILE = YES;
				HEADER_SEARCH_PATHS = "$(PROJECT_DIR)/irrlicht-1.8.5/include";
				"INFOPLIST_KEY_UIApplicationSceneManifest_Generation[sdk=iphoneos*]" = YES;
				"INFOPLIST_KEY_UIApplicationSceneManifest_Generation[sdk=iphonesimulator*]" = YES;
				"INFOPLIST_KEY_UIApplicationSupportsIndirectInputEvents[sdk=iphoneos*]" = YES;
				"INFOPLIST_KEY_UIApplicationSupportsIndirectInputEvents[sdk=iphonesimulator*]" = YES;
				"INFOPLIST_KEY_UILaunchScreen_Generation[sdk=iphoneos*]" = YES;
				"INFOPLIST_KEY_UILaunchScreen_Generation[sdk=iphonesimulator*]" = YES;
				"INFOPLIST_KEY_UIStatusBarStyle[sdk=iphoneos*]" = UIStatusBarStyleDefault;
				"INFOPLIST_KEY_UIStatusBarStyle[sdk=iphonesimulator*]" = UIStatusBarStyleDefault;
				INFOPLIST_KEY_UISupportedInterfaceOrientations_iPad = "UIInterfaceOrientationPortrait UIInterfaceOrientationPortraitUpsideDown UIInterfaceOrientationLandscapeLeft UIInterfaceOrientationLandscapeRight";
				INFOPLIST_KEY_UISupportedInterfaceOrientations_iPhone = "UIInterfaceOrientationPortrait UIInterfaceOrientationLandscapeLeft UIInterfaceOrientationLandscapeRight";
				INSTALL_PATH = /;
				IPHONEOS_DEPLOYMENT_TARGET = 16.2;
				LD_RUNPATH_SEARCH_PATHS = "@executable_path/Frameworks";
				"LD_RUNPATH_SEARCH_PATHS[sdk=macosx*]" = "@executable_path/../Frameworks";
				LIBRARY_SEARCH_PATHS = (
					"$(inherited)",
					"$(PROJECT_DIR)/irrlicht-1.8.5/lib/MacOSX",
					"$(PROJECT_DIR)/prototype-doom/irrlicht-1.8.5/lib/MacOSX",
				);
				MACOSX_DEPLOYMENT_TARGET = 12.7;
				MARKETING_VERSION = 1.0;
				MTL_ENABLE_DEBUG_INFO = NO;
				MTL_FAST_MATH = YES;
				OTHER_CFLAGS = "-w";
				PRODUCT_BUNDLE_IDENTIFIER = "com.alex.prototype-doom";
				PRODUCT_NAME = "$(TARGET_NAME)";
				PROVISIONING_PROFILE_SPECIFIER = "";
				SDKROOT = auto;
				SUPPORTED_PLATFORMS = "iphoneos iphonesimulator macosx";
				SWIFT_COMPILATION_MODE = wholemodule;
				SWIFT_EMIT_LOC_STRINGS = YES;
				SWIFT_OPTIMIZATION_LEVEL = "-O";
				SWIFT_VERSION = 5.0;
				SYMROOT = "$(PROJECT_DIR)/bin";
				TARGETED_DEVICE_FAMILY = "1,2";
			};
			name = Release;
		};
/* End XCBuildConfiguration section */

/* Begin XCConfigurationList section */
		C25DD2F72C74EC9E009E697C /* Build configuration list for PBXProject "prototype-doom" */ = {
			isa = XCConfigurationList;
			buildConfigurations = (
				C25DD2F82C74EC9E009E697C /* Debug */,
				C25DD2F92C74EC9E009E697C /* Release */,
			);
			defaultConfigurationIsVisible = 0;
			defaultConfigurationName = Release;
		};
		C25DD30D2C74ED25009E697C /* Build configuration list for PBXNativeTarget "prototype-doom" */ = {
			isa = XCConfigurationList;
			buildConfigurations = (
				C25DD30E2C74ED25009E697C /* Debug */,
				C25DD30F2C74ED25009E697C /* Release */,
			);
			defaultConfigurationIsVisible = 0;
			defaultConfigurationName = Release;
		};
/* End XCConfigurationList section */
	};
	rootObject = C25DD2F42C74EC9E009E697C /* Project object */;
}
